# THIS IS AN AUTOGENERATED FILE. DO NOT EDIT THIS FILE DIRECTLY.
# yarn lockfile v1


babel-runtime@^6.22.0:
  version "6.23.0"
  resolved "https://registry.yarnpkg.com/babel-runtime/-/babel-runtime-6.23.0.tgz#0a9489f144de70efb3ce4300accdb329e2fc543b"
  dependencies:
    core-js "^2.4.0"
    regenerator-runtime "^0.10.0"

core-js@^2.4.0:
  version "2.4.1"
  resolved "https://registry.yarnpkg.com/core-js/-/core-js-2.4.1.tgz#4de911e667b0eae9124e34254b53aea6fc618d3e"

cyclus@^1.1.4:
  version "1.1.4"
  resolved "https://registry.yarnpkg.com/cyclus/-/cyclus-1.1.4.tgz#a26d19c4a64a7485836288c0a53dc56713c3d09a"
  dependencies:
    lodash "^4.17.4"
    tslib "^1.7.1"

js-csp@^1.0.0:
  version "1.0.0"
  resolved "https://registry.yarnpkg.com/js-csp/-/js-csp-1.0.0.tgz#f5abb960a5f453de184eff5a09fd7c00424c9685"
  dependencies:
    babel-runtime "^6.22.0"
    lodash "^4.17.4"

lodash@^4.17.4:
  version "4.17.4"
  resolved "https://registry.yarnpkg.com/lodash/-/lodash-4.17.4.tgz#78203a4d1c328ae1d86dca6460e369b57f4055ae"

regenerator-runtime@^0.10.0:
  version "0.10.5"
  resolved "https://registry.yarnpkg.com/regenerator-runtime/-/regenerator-runtime-0.10.5.tgz#336c3efc1220adcedda2c9fab67b5a7955a33658"

tslib@^1.7.1:
  version "1.7.1"
  resolved "https://registry.yarnpkg.com/tslib/-/tslib-1.7.1.tgz#bc8004164691923a79fe8378bbeb3da2017538ec"
